// !$*UTF8*$!
{
	archiveVersion = 1;
	classes = {
	};
	objectVersion = 46;
	objects = {

/* Begin PBXBuildFile section */
		504279D01CF980BD00D0D667 /* AppDelegate.swift in Sources */ = {isa = PBXBuildFile; fileRef = 504279CF1CF980BD00D0D667 /* AppDelegate.swift */; };
		504279D21CF980BD00D0D667 /* ViewController.swift in Sources */ = {isa = PBXBuildFile; fileRef = 504279D11CF980BD00D0D667 /* ViewController.swift */; };
		504279D51CF980BD00D0D667 /* Main.storyboard in Resources */ = {isa = PBXBuildFile; fileRef = 504279D31CF980BD00D0D667 /* Main.storyboard */; };
		504279D71CF980BD00D0D667 /* Assets.xcassets in Resources */ = {isa = PBXBuildFile; fileRef = 504279D61CF980BD00D0D667 /* Assets.xcassets */; };
		504279DA1CF980BD00D0D667 /* LaunchScreen.storyboard in Resources */ = {isa = PBXBuildFile; fileRef = 504279D81CF980BD00D0D667 /* LaunchScreen.storyboard */; };
/* End PBXBuildFile section */

/* Begin PBXFileReference section */
		504279CC1CF980BD00D0D667 /* LoginDemo.app */ = {isa = PBXFileReference; explicitFileType = wrapper.application; includeInIndex = 0; path = LoginDemo.app; sourceTree = BUILT_PRODUCTS_DIR; };
		504279CF1CF980BD00D0D667 /* AppDelegate.swift */ = {isa = PBXFileReference; lastKnownFileType = sourcecode.swift; path = AppDelegate.swift; sourceTree = "<group>"; };
		504279D11CF980BD00D0D667 /* ViewController.swift */ = {isa = PBXFileReference; lastKnownFileType = sourcecode.swift; path = ViewController.swift; sourceTree = "<group>"; };
		504279D41CF980BD00D0D667 /* Base */ = {isa = PBXFileReference; lastKnownFileType = file.storyboard; name = Base; path = Base.lproj/Main.storyboard; sourceTree = "<group>"; };
		504279D61CF980BD00D0D667 /* Assets.xcassets */ = {isa = PBXFileReference; lastKnownFileType = folder.assetcatalog; path = Assets.xcassets; sourceTree = "<group>"; };
		504279D91CF980BD00D0D667 /* Base */ = {isa = PBXFileReference; lastKnownFileType = file.storyboard; name = Base; path = Base.lproj/LaunchScreen.storyboard; sourceTree = "<group>"; };
		504279DB1CF980BD00D0D667 /* Info.plist */ = {isa = PBXFileReference; lastKnownFileType = text.plist.xml; path = Info.plist; sourceTree = "<group>"; };
		504279F51CF99D7C00D0D667 /* LoginDemoUITests.swift */ = {isa = PBXFileReference; lastKnownFileType = sourcecode.swift; path = LoginDemoUITests.swift; sourceTree = "<group>"; };
		504279F71CF99D7C00D0D667 /* Info.plist */ = {isa = PBXFileReference; lastKnownFileType = text.plist.xml; path = Info.plist; sourceTree = "<group>"; };
/* End PBXFileReference section */

/* Begin PBXFrameworksBuildPhase section */
		504279C91CF980BD00D0D667 /* Frameworks */ = {
			isa = PBXFrameworksBuildPhase;
			buildActionMask = 2147483647;
			files = (
			);
			runOnlyForDeploymentPostprocessing = 0;
		};
/* End PBXFrameworksBuildPhase section */

/* Begin PBXGroup section */
		504279C31CF980BD00D0D667 = {
			isa = PBXGroup;
			children = (
				504279CE1CF980BD00D0D667 /* LoginDemo */,
				504279F41CF99D7C00D0D667 /* LoginDemoUITests */,
				504279CD1CF980BD00D0D667 /* Products */,
			);
			sourceTree = "<group>";
		};
		504279CD1CF980BD00D0D667 /* Products */ = {
			isa = PBXGroup;
			children = (
				504279CC1CF980BD00D0D667 /* LoginDemo.app */,
			);
			name = Products;
			sourceTree = "<group>";
		};
		504279CE1CF980BD00D0D667 /* LoginDemo */ = {
			isa = PBXGroup;
			children = (
				504279CF1CF980BD00D0D667 /* AppDelegate.swift */,
				504279D11CF980BD00D0D667 /* ViewController.swift */,
				504279D31CF980BD00D0D667 /* Main.storyboard */,
				504279D61CF980BD00D0D667 /* Assets.xcassets */,
				504279D81CF980BD00D0D667 /* LaunchScreen.storyboard */,
				504279DB1CF980BD00D0D667 /* Info.plist */,
			);
			path = LoginDemo;
			sourceTree = "<group>";
		};
		504279F41CF99D7C00D0D667 /* LoginDemoUITests */ = {
			isa = PBXGroup;
			children = (
				504279F51CF99D7C00D0D667 /* LoginDemoUITests.swift */,
				504279F71CF99D7C00D0D667 /* Info.plist */,
			);
			path = LoginDemoUITests;
			sourceTree = "<group>";
		};
/* End PBXGroup section */

/* Begin PBXNativeTarget section */
		504279CB1CF980BD00D0D667 /* LoginDemo */ = {
			isa = PBXNativeTarget;
			buildConfigurationList = 504279DE1CF980BD00D0D667 /* Build configuration list for PBXNativeTarget "LoginDemo" */;
			buildPhases = (
				504279C81CF980BD00D0D667 /* Sources */,
				504279C91CF980BD00D0D667 /* Frameworks */,
				504279CA1CF980BD00D0D667 /* Resources */,
			);
			buildRules = (
			);
			dependencies = (
			);
			name = LoginDemo;
			productName = LoginDemo;
			productReference = 504279CC1CF980BD00D0D667 /* LoginDemo.app */;
			productType = "com.apple.product-type.application";
		};
/* End PBXNativeTarget section */

/* Begin PBXProject section */
		504279C41CF980BD00D0D667 /* Project object */ = {
			isa = PBXProject;
			attributes = {
				LastSwiftUpdateCheck = 0730;
				LastUpgradeCheck = 0730;
				ORGANIZATIONNAME = tanghaibo;
				TargetAttributes = {
					504279CB1CF980BD00D0D667 = {
						CreatedOnToolsVersion = 7.3;
					};
				};
			};
			buildConfigurationList = 504279C71CF980BD00D0D667 /* Build configuration list for PBXProject "LoginDemo" */;
			compatibilityVersion = "Xcode 3.2";
			developmentRegion = English;
			hasScannedForEncodings = 0;
			knownRegions = (
				en,
				Base,
			);
			mainGroup = 504279C31CF980BD00D0D667;
			productRefGroup = 504279CD1CF980BD00D0D667 /* Products */;
			projectDirPath = "";
			projectRoot = "";
			targets = (
				504279CB1CF980BD00D0D667 /* LoginDemo */,
			);
		};
/* End PBXProject section */

/* Begin PBXResourcesBuildPhase section */
		504279CA1CF980BD00D0D667 /* Resources */ = {
			isa = PBXResourcesBuildPhase;
			buildActionMask = 2147483647;
			files = (
				504279DA1CF980BD00D0D667 /* LaunchScreen.storyboard in Resources */,
				504279D71CF980BD00D0D667 /* Assets.xcassets in Resources */,
				504279D51CF980BD00D0D667 /* Main.storyboard in Resources */,
			);
			runOnlyForDeploymentPostprocessing = 0;
		};
/* End PBXResourcesBuildPhase section */

/* Begin PBXSourcesBuildPhase section */
		504279C81CF980BD00D0D667 /* Sources */ = {
			isa = PBXSourcesBuildPhase;
			buildActionMask = 2147483647;
			files = (
				504279D21CF980BD00D0D667 /* ViewController.swift in Sources */,
				504279D01CF980BD00D0D667 /* AppDelegate.swift in Sources */,
			);
			runOnlyForDeploymentPostprocessing = 0;
		};
/* End PBXSourcesBuildPhase section */

/* Begin PBXVariantGroup section */
		504279D31CF980BD00D0D667 /* Main.storyboard */ = {
			isa = PBXVariantGroup;
			children = (
				504279D41CF980BD00D0D667 /* Base */,
			);
			name = Main.storyboard;
			sourceTree = "<group>";
		};
		504279D81CF980BD00D0D667 /* LaunchScreen.storyboard */ = {
			isa = PBXVariantGroup;
			children = (
				504279D91CF980BD00D0D667 /* Base */,
			);
			name = LaunchScreen.storyboard;
			sourceTree = "<group>";
		};
/* End PBXVariantGroup section */

/* Begin XCBuildConfiguration section */
		504279DC1CF980BD00D0D667 /* Debug */ = {
			isa = XCBuildConfiguration;
			buildSettings = {
				ALWAYS_SEARCH_USER_PATHS = NO;
				CLANG_ANALYZER_NONNULL = YES;
				CLANG_CXX_LANGUAGE_STANDARD = "gnu++0x";
				CLANG_CXX_LIBRARY = "libc++";
				CLANG_ENABLE_MODULES = YES;
				CLANG_ENABLE_OBJC_ARC = YES;
				CLANG_WARN_BOOL_CONVERSION = YES;
				CLANG_WARN_CONSTANT_CONVERSION = YES;
				CLANG_WARN_DIRECT_OBJC_ISA_USAGE = YES_ERROR;
				CLANG_WARN_EMPTY_BODY = YES;
				CLANG_WARN_ENUM_CONVERSION = YES;
				CLANG_WARN_INT_CONVERSION = YES;
				CLANG_WARN_OBJC_ROOT_CLASS = YES_ERROR;
				CLANG_WARN_UNREACHABLE_CODE = YES;
				CLANG_WARN__DUPLICATE_METHOD_MATCH = YES;
				"CODE_SIGN_IDENTITY[sdk=iphoneos*]" = "iPhone Developer";
				COPY_PHASE_STRIP = NO;
				DEBUG_INFORMATION_FORMAT = dwarf;
				ENABLE_STRICT_OBJC_MSGSEND = YES;
				ENABLE_TESTABILITY = YES;
				GCC_C_LANGUAGE_STANDARD = gnu99;
				GCC_DYNAMIC_NO_PIC = NO;
				GCC_NO_COMMON_BLOCKS = YES;
				GCC_OPTIMIZATION_LEVEL = 0;
				GCC_PREPROCESSOR_DEFINITIONS = (
					"DEBUG=1",
					"$(inherited)",
				);
				GCC_WARN_64_TO_32_BIT_CONVERSION = YES;
				GCC_WARN_ABOUT_RETURN_TYPE = YES_ERROR;
				GCC_WARN_UNDECLARED_SELECTOR = YES;
				GCC_WARN_UNINITIALIZED_AUTOS = YES_AGGRESSIVE;
				GCC_WARN_UNUSED_FUNCTION = YES;
				GCC_WARN_UNUSED_VARIABLE = YES;
				IPHONEOS_DEPLOYMENT_TARGET = 9.3;
				MTL_ENABLE_DEBUG_INFO = YES;
				ONLY_ACTIVE_ARCH = YES;
				SDKROOT = iphoneos;
				SWIFT_OPTIMIZATION_LEVEL = "-Onone";
			};
			name = Debug;
		};
		504279DD1CF980BD00D0D667 /* Release */ = {
			isa = XCBuildConfiguration;
			buildSettings = {
				ALWAYS_SEARCH_USER_PATHS = NO;
				CLANG_ANALYZER_NONNULL = YES;
				CLANG_CXX_LANGUAGE_STANDARD = "gnu++0x";
				CLANG_CXX_LIBRARY = "libc++";
				CLANG_ENABLE_MODULES = YES;
				CLANG_ENABLE_OBJC_ARC = YES;
				CLANG_WARN_BOOL_CONVERSION = YES;
				CLANG_WARN_CONSTANT_CONVERSION = YES;
				CLANG_WARN_DIRECT_OBJC_ISA_USAGE = YES_ERROR;
				CLANG_WARN_EMPTY_BODY = YES;
				CLANG_WARN_ENUM_CONVERSION = YES;
				CLANG_WARN_INT_CONVERSION = YES;
				CLANG_WARN_OBJC_ROOT_CLASS = YES_ERROR;
				CLANG_WARN_UNREACHABLE_CODE = YES;
				CLANG_WARN__DUPLICATE_METHOD_MATCH = YES;
				"CODE_SIGN_IDENTITY[sdk=iphoneos*]" = "iPhone Developer";
				COPY_PHASE_STRIP = NO;
				DEBUG_INFORMATION_FORMAT = "dwarf-with-dsym";
				ENABLE_NS_ASSERTIONS = NO;
				ENABLE_STRICT_OBJC_MSGSEND = YES;
				GCC_C_LANGUAGE_STANDARD = gnu99;
				GCC_NO_COMMON_BLOCKS = YES;
				GCC_WARN_64_TO_32_BIT_CONVERSION = YES;
				GCC_WARN_ABOUT_RETURN_TYPE = YES_ERROR;
				GCC_WARN_UNDECLARED_SELECTOR = YES;
				GCC_WARN_UNINITIALIZED_AUTOS = YES_AGGRESSIVE;
				GCC_WARN_UNUSED_FUNCTION = YES;
				GCC_WARN_UNUSED_VARIABLE = YES;
				IPHONEOS_DEPLOYMENT_TARGET = 9.3;
				MTL_ENABLE_DEBUG_INFO = NO;
				SDKROOT = iphoneos;
				VALIDATE_PRODUCT = YES;
			};
			name = Release;
		};
		504279DF1CF980BD00D0D667 /* Debug */ = {
			isa = XCBuildConfiguration;
			buildSettings = {
				ASSETCATALOG_COMPILER_APPICON_NAME = AppIcon;
				INFOPLIST_FILE = LoginDemo/Info.plist;
				LD_RUNPATH_SEARCH_PATHS = "$(inherited) @executable_path/Frameworks";
				PRODUCT_BUNDLE_IDENTIFIER = top.ioslearn.LoginDemo;
				PRODUCT_NAME = "$(TARGET_NAME)";
			};
			name = Debug;
		};
		504279E01CF980BD00D0D667 /* Release */ = {
			isa = XCBuildConfiguration;
			buildSettings = {
				ASSETCATALOG_COMPILER_APPICON_NAME = AppIcon;
				INFOPLIST_FILE = LoginDemo/Info.plist;
				LD_RUNPATH_SEARCH_PATHS = "$(inherited) @executable_path/Frameworks";
				PRODUCT_BUNDLE_IDENTIFIER = top.ioslearn.LoginDemo;
				PRODUCT_NAME = "$(TARGET_NAME)";
			};
			name = Release;
		};
/* End XCBuildConfiguration section */

/* Begin XCConfigurationList section */
		504279C71CF980BD00D0D667 /* Build configuration list for PBXProject "LoginDemo" */ = {
			isa = XCConfigurationList;
			buildConfigurations = (
				504279DC1CF980BD00D0D667 /* Debug */,
				504279DD1CF980BD00D0D667 /* Release */,
			);
			defaultConfigurationIsVisible = 0;
			defaultConfigurationName = Release;
		};
		504279DE1CF980BD00D0D667 /* Build configuration list for PBXNativeTarget "LoginDemo" */ = {
			isa = XCConfigurationList;
			buildConfigurations = (
				504279DF1CF980BD00D0D667 /* Debug */,
				504279E01CF980BD00D0D667 /* Release */,
			);
			defaultConfigurationIsVisible = 0;
		};
/* End XCConfigurationList section */
	};
	rootObject = 504279C41CF980BD00D0D667 /* Project object */;
}
